
Microsoft Visual Studio Solution File, Format Version 12.00
# Visual Studio Version 17
VisualStudioVersion = 17.3.32929.385
MinimumVisualStudioVersion = 10.0.40219.1
Project("{FAE04EC0-301F-11D3-BF4B-00C04F79EFBC}") = "DemoGoogleCharts", "DemoGoogleCharts\DemoGoogleCharts.csproj", "{F68C1174-CED6-4EBE-A19B-8A5F4BBB0549}"
EndProject
Global
	GlobalSection(SolutionConfigurationPlatforms) = preSolution
		Debug|Any CPU = Debug|Any CPU
		Release|Any CPU = Release|Any CPU
	EndGlobalSection
	GlobalSection(ProjectConfigurationPlatforms) = postSolution
		{F68C1174-CED6-4EBE-A19B-8A5F4BBB0549}.Debug|Any CPU.ActiveCfg = Debug|Any CPU
		{F68C1174-CED6-4EBE-A19B-8A5F4BBB0549}.Debug|Any CPU.Build.0 = Debug|Any CPU
		{F68C1174-CED6-4EBE-A19B-8A5F4BBB0549}.Release|Any CPU.ActiveCfg = Release|Any CPU
		{F68C1174-CED6-4EBE-A19B-8A5F4BBB0549}.Release|Any CPU.Build.0 = Release|Any CPU
	EndGlobalSection
	GlobalSection(SolutionProperties) = preSolution
		HideSolutionNode = FALSE
	EndGlobalSection
	GlobalSection(ExtensibilityGlobals) = postSolution
		SolutionGuid = {33C9481F-63C3-4BD3-AB5C-D31B91E1A795}
	EndGlobalSection
EndGlobal
